
Microsoft Visual Studio Solution File, Format Version 12.00
# Visual Studio 14
VisualStudioVersion = 14.0.25123.0
MinimumVisualStudioVersion = 10.0.40219.1
Project("{159641D6-6404-4A2A-AE62-294DE0FE8301}") = "ETLIntegrationServices", "ETLIntegrationServices\ETLIntegrationServices.dtproj", "{EB8AE112-CC84-419D-BB0E-1427983E54BD}"
EndProject
Global
	GlobalSection(SolutionConfigurationPlatforms) = preSolution
		Development|Default = Development|Default
	EndGlobalSection
	GlobalSection(ProjectConfigurationPlatforms) = postSolution
		{EB8AE112-CC84-419D-BB0E-1427983E54BD}.Development|Default.ActiveCfg = Development
		{EB8AE112-CC84-419D-BB0E-1427983E54BD}.Development|Default.Build.0 = Development
	EndGlobalSection
	GlobalSection(SolutionProperties) = preSolution
		HideSolutionNode = FALSE
	EndGlobalSection
EndGlobal
